
Microsoft Visual Studio Solution File, Format Version 12.00
# Visual Studio Version 16
VisualStudioVersion = 16.0.28803.452
MinimumVisualStudioVersion = 10.0.40219.1
Project("{FAE04EC0-301F-11D3-BF4B-00C04F79EFBC}") = "Primary School Management System - 2", "Primary School Management System - 2\Primary School Management System - 2.csproj", "{E654D433-1EFD-41ED-8007-1DA7BEFF0F8D}"
EndProject
Global
	GlobalSection(SolutionConfigurationPlatforms) = preSolution
		Debug|Any CPU = Debug|Any CPU
		Release|Any CPU = Release|Any CPU
	EndGlobalSection
	GlobalSection(ProjectConfigurationPlatforms) = postSolution
		{E654D433-1EFD-41ED-8007-1DA7BEFF0F8D}.Debug|Any CPU.ActiveCfg = Debug|Any CPU
		{E654D433-1EFD-41ED-8007-1DA7BEFF0F8D}.Debug|Any CPU.Build.0 = Debug|Any CPU
		{E654D433-1EFD-41ED-8007-1DA7BEFF0F8D}.Release|Any CPU.ActiveCfg = Release|Any CPU
		{E654D433-1EFD-41ED-8007-1DA7BEFF0F8D}.Release|Any CPU.Build.0 = Release|Any CPU
	EndGlobalSection
	GlobalSection(SolutionProperties) = preSolution
		HideSolutionNode = FALSE
	EndGlobalSection
	GlobalSection(ExtensibilityGlobals) = postSolution
		SolutionGuid = {C6FB018C-7E10-4F64-AC90-AFA7F1F0CCF7}
	EndGlobalSection
EndGlobal
